Microsoft Visual Studio Solution File, Format Version 12.00
# Visual Studio Version 17
VisualStudioVersion = 17.5.2.0
MinimumVisualStudioVersion = 10.0.40219.1
Project("{FAE04EC0-301F-11D3-BF4B-00C04F79EFBC}") = "CognitoSample", "CognitoSample\CognitoSample.csproj", "{F115FD7E-C4EE-3394-D687-89EEA5D3A21E}"
EndProject
Project("{FAE04EC0-301F-11D3-BF4B-00C04F79EFBC}") = "CognitoMfaSample", "CognitoMfaSample\CognitoMfaSample.csproj", "{78840EBF-D2E2-4310-977A-A95D43E8D22C}"
EndProject
Global
	GlobalSection(SolutionConfigurationPlatforms) = preSolution
		Debug|Any CPU = Debug|Any CPU
		Release|Any CPU = Release|Any CPU
	EndGlobalSection
	GlobalSection(ProjectConfigurationPlatforms) = postSolution
		{F115FD7E-C4EE-3394-D687-89EEA5D3A21E}.Debug|Any CPU.ActiveCfg = Debug|Any CPU
		{F115FD7E-C4EE-3394-D687-89EEA5D3A21E}.Debug|Any CPU.Build.0 = Debug|Any CPU
		{F115FD7E-C4EE-3394-D687-89EEA5D3A21E}.Release|Any CPU.ActiveCfg = Release|Any CPU
		{F115FD7E-C4EE-3394-D687-89EEA5D3A21E}.Release|Any CPU.Build.0 = Release|Any CPU
		{78840EBF-D2E2-4310-977A-A95D43E8D22C}.Debug|Any CPU.ActiveCfg = Debug|Any CPU
		{78840EBF-D2E2-4310-977A-A95D43E8D22C}.Debug|Any CPU.Build.0 = Debug|Any CPU
		{78840EBF-D2E2-4310-977A-A95D43E8D22C}.Release|Any CPU.ActiveCfg = Release|Any CPU
		{78840EBF-D2E2-4310-977A-A95D43E8D22C}.Release|Any CPU.Build.0 = Release|Any CPU
	EndGlobalSection
	GlobalSection(SolutionProperties) = preSolution
		HideSolutionNode = FALSE
	EndGlobalSection
	GlobalSection(ExtensibilityGlobals) = postSolution
		SolutionGuid = {E8BA6DC0-A0CA-4027-9830-39290AD83A90}
	EndGlobalSection
EndGlobal
